
Microsoft Visual Studio Solution File, Format Version 12.00
# Visual Studio Version 17
VisualStudioVersion = 17.8.34330.188
MinimumVisualStudioVersion = 10.0.40219.1
Project("{9A19103F-16F7-4668-BE54-9A1E7A4F7556}") = "BlogToolkit", "BlogToolkit\BlogToolkit.csproj", "{0690A850-DB70-4E19-9C22-8AD103FDA814}"
EndProject
Project("{9A19103F-16F7-4668-BE54-9A1E7A4F7556}") = "BlogToolkit.Client", "BlogToolkit.Client\BlogToolkit.Client.csproj", "{69857AFA-BA05-4006-9590-BD4CC9C601C6}"
EndProject
Global
	GlobalSection(SolutionConfigurationPlatforms) = preSolution
		Debug|Any CPU = Debug|Any CPU
		Release|Any CPU = Release|Any CPU
	EndGlobalSection
	GlobalSection(ProjectConfigurationPlatforms) = postSolution
		{0690A850-DB70-4E19-9C22-8AD103FDA814}.Debug|Any CPU.ActiveCfg = Debug|Any CPU
		{0690A850-DB70-4E19-9C22-8AD103FDA814}.Debug|Any CPU.Build.0 = Debug|Any CPU
		{0690A850-DB70-4E19-9C22-8AD103FDA814}.Release|Any CPU.ActiveCfg = Release|Any CPU
		{0690A850-DB70-4E19-9C22-8AD103FDA814}.Release|Any CPU.Build.0 = Release|Any CPU
		{69857AFA-BA05-4006-9590-BD4CC9C601C6}.Debug|Any CPU.ActiveCfg = Debug|Any CPU
		{69857AFA-BA05-4006-9590-BD4CC9C601C6}.Debug|Any CPU.Build.0 = Debug|Any CPU
		{69857AFA-BA05-4006-9590-BD4CC9C601C6}.Release|Any CPU.ActiveCfg = Release|Any CPU
		{69857AFA-BA05-4006-9590-BD4CC9C601C6}.Release|Any CPU.Build.0 = Release|Any CPU
	EndGlobalSection
	GlobalSection(SolutionProperties) = preSolution
		HideSolutionNode = FALSE
	EndGlobalSection
	GlobalSection(ExtensibilityGlobals) = postSolution
		SolutionGuid = {8F552853-EBEB-45E3-B747-56B63C0B0CAA}
	EndGlobalSection
EndGlobal
